
Microsoft Visual Studio Solution File, Format Version 12.00
# Visual Studio Version 16
VisualStudioVersion = 16.0.30002.166
MinimumVisualStudioVersion = 10.0.40219.1
Project("{8BC9CEB8-8B4A-11D0-8D11-00A0C91BC942}") = "CompoundApp", "CompoundApp.vcxproj", "{DCDF6933-F0B3-4CBD-85A6-BA30AD4F9619}"
EndProject
Global
	GlobalSection(SolutionConfigurationPlatforms) = preSolution
		Debug|x64 = Debug|x64
		Debug|x86 = Debug|x86
		Release|x64 = Release|x64
		Release|x86 = Release|x86
	EndGlobalSection
	GlobalSection(ProjectConfigurationPlatforms) = postSolution
		{DCDF6933-F0B3-4CBD-85A6-BA30AD4F9619}.Debug|x64.ActiveCfg = Debug|x64
		{DCDF6933-F0B3-4CBD-85A6-BA30AD4F9619}.Debug|x64.Build.0 = Debug|x64
		{DCDF6933-F0B3-4CBD-85A6-BA30AD4F9619}.Debug|x86.ActiveCfg = Debug|Win32
		{DCDF6933-F0B3-4CBD-85A6-BA30AD4F9619}.Debug|x86.Build.0 = Debug|Win32
		{DCDF6933-F0B3-4CBD-85A6-BA30AD4F9619}.Release|x64.ActiveCfg = Release|x64
		{DCDF6933-F0B3-4CBD-85A6-BA30AD4F9619}.Release|x64.Build.0 = Release|x64
		{DCDF6933-F0B3-4CBD-85A6-BA30AD4F9619}.Release|x86.ActiveCfg = Release|Win32
		{DCDF6933-F0B3-4CBD-85A6-BA30AD4F9619}.Release|x86.Build.0 = Release|Win32
	EndGlobalSection
	GlobalSection(SolutionProperties) = preSolution
		HideSolutionNode = FALSE
	EndGlobalSection
	GlobalSection(ExtensibilityGlobals) = postSolution
		SolutionGuid = {E764A694-3130-464F-8CDB-1C44A77590CD}
	EndGlobalSection
EndGlobal
